// !$*UTF8*$!
{
	archiveVersion = 1;
	classes = {
	};
	objectVersion = 39;
	objects = {
		06AA1262FFB20DD611CA28AA = {
			buildRules = (
			);
			buildSettings = {
				COPY_PHASE_STRIP = NO;
				GCC_CW_ASM_SYNTAX = NO;
				GCC_DYNAMIC_NO_PIC = NO;
				GCC_ENABLE_CPP_EXCEPTIONS = NO;
				GCC_ENABLE_CPP_RTTI = NO;
				GCC_ENABLE_FIX_AND_CONTINUE = YES;
				GCC_ENABLE_PASCAL_STRINGS = NO;
				GCC_GENERATE_DEBUGGING_SYMBOLS = YES;
				GCC_OPTIMIZATION_LEVEL = 0;
				GCC_PREFIX_HEADER = coda/bsdglue.h;
				GCC_PREPROCESSOR_DEFINITIONS = DARWIN;
				GCC_TREAT_WARNINGS_AS_ERRORS = NO;
				GCC_WARN_ABOUT_MISSING_PROTOTYPES = NO;
				GCC_WARN_ALLOW_INCOMPLETE_PROTOCOL = NO;
				GCC_WARN_CHECK_SWITCH_STATEMENTS = YES;
				GCC_WARN_INITIALIZER_NOT_FULLY_BRACKETED = YES;
				GCC_WARN_MISSING_PARENTHESES = YES;
				GCC_WARN_PEDANTIC = NO;
				GCC_WARN_SHADOW = NO;
				GCC_WARN_SIGN_COMPARE = NO;
				GCC_WARN_TYPECHECK_CALLS_TO_PRINTF = YES;
				GCC_WARN_UNUSED_PARAMETER = NO;
				GCC_WARN_UNUSED_VARIABLE = NO;
				OPTIMIZATION_CFLAGS = "-O0";
				PREBINDING = NO;
				ZERO_LINK = YES;
			};
			isa = PBXBuildStyle;
			name = Development;
		};
		06AA1263FFB20DD611CA28AA = {
			buildRules = (
			);
			buildSettings = {
				COPY_PHASE_STRIP = YES;
				GCC_ENABLE_FIX_AND_CONTINUE = NO;
				GCC_PREPROCESSOR_DEFINITIONS = DARWIN;
				ZERO_LINK = NO;
			};
			isa = PBXBuildStyle;
			name = Deployment;
		};
//060
//061
//062
//063
//064
//080
//081
//082
//083
//084
		089C1669FE841209C02AAC07 = {
			buildSettings = {
			};
			buildStyles = (
				06AA1262FFB20DD611CA28AA,
				06AA1263FFB20DD611CA28AA,
			);
			hasScannedForEncodings = 1;
			isa = PBXProject;
			mainGroup = 089C166AFE841209C02AAC07;
			projectDirPath = "";
			targets = (
				32A4FEB80562C75700D090E7,
			);
		};
		089C166AFE841209C02AAC07 = {
			children = (
				B463EB6706452453007ED6B0,
				B4BD6B1B0643EFCF00697EED,
				247142CAFF3F8F9811CA285C,
				089C167CFE841241C02AAC07,
				19C28FB6FE9D52B211CA2CBB,
			);
			isa = PBXGroup;
			name = darwin_coda;
			refType = 4;
			sourceTree = "<group>";
		};
		089C167CFE841241C02AAC07 = {
			children = (
				B4BD6ABB0643EF1B00697EED,
				B4BD6ADC0643EF8800697EED,
				B4BD6ADD0643EF8800697EED,
				B4BD6ADE0643EF8800697EED,
				32A4FEC30562C75700D090E7,
				089C167DFE841241C02AAC07,
			);
			isa = PBXGroup;
			name = Resources;
			refType = 4;
			sourceTree = "<group>";
		};
		089C167DFE841241C02AAC07 = {
			children = (
				089C167EFE841241C02AAC07,
			);
			isa = PBXVariantGroup;
			name = InfoPlist.strings;
			refType = 4;
			sourceTree = "<group>";
		};
		089C167EFE841241C02AAC07 = {
			fileEncoding = 10;
			isa = PBXFileReference;
			lastKnownFileType = text.plist.strings;
			name = English;
			path = English.lproj/InfoPlist.strings;
			refType = 4;
			sourceTree = "<group>";
		};
//080
//081
//082
//083
//084
//190
//191
//192
//193
//194
		19C28FB6FE9D52B211CA2CBB = {
			children = (
				32A4FEC40562C75800D090E7,
			);
			isa = PBXGroup;
			name = Products;
			refType = 4;
			sourceTree = "<group>";
		};
//190
//191
//192
//193
//194
//240
//241
//242
//243
//244
		247142CAFF3F8F9811CA285C = {
			children = (
				B463EB5506452428007ED6B0,
				B463EB5606452428007ED6B0,
				B463EB5706452428007ED6B0,
				B463EB5806452428007ED6B0,
				B463EB5906452428007ED6B0,
				B463EB5A06452428007ED6B0,
				B4ACA633064AE702008C8E37,
				B463EB5C06452428007ED6B0,
			);
			isa = PBXGroup;
			name = Source;
			path = "";
			refType = 4;
			sourceTree = "<group>";
		};
//240
//241
//242
//243
//244
//320
//321
//322
//323
//324
		32A4FEB80562C75700D090E7 = {
			buildPhases = (
				32A4FEB90562C75700D090E7,
				32A4FEBA0562C75700D090E7,
				32A4FEBB0562C75700D090E7,
				32A4FEBD0562C75700D090E7,
				32A4FEBF0562C75700D090E7,
				32A4FEC00562C75700D090E7,
				32A4FEC10562C75700D090E7,
			);
			buildRules = (
			);
			buildSettings = {
				FRAMEWORK_SEARCH_PATHS = "";
				GCC_PREPROCESSOR_DEFINITIONS = "";
				GCC_WARN_FOUR_CHARACTER_CONSTANTS = NO;
				GCC_WARN_UNKNOWN_PRAGMAS = NO;
				HEADER_SEARCH_PATHS = ". /usr/include/miscfs/specfs";
				INFOPLIST_FILE = Info.plist;
				INSTALL_PATH = "$(SYSTEM_LIBRARY_DIR)/Extensions";
				LIBRARY_SEARCH_PATHS = "";
				MODULE_NAME = se.bernerus.kext.darwin_coda;
				MODULE_START = darwin_coda_start;
				MODULE_STOP = darwin_coda_stop;
				MODULE_VERSION = 0.2.0d1;
				OTHER_CFLAGS = "";
				OTHER_LDFLAGS = "";
				OTHER_REZFLAGS = "";
				PRODUCT_NAME = darwin_coda;
				SECTORDER_FLAGS = "";
				WARNING_CFLAGS = "-Wmost";
				WRAPPER_EXTENSION = kext;
			};
			dependencies = (
			);
			isa = PBXNativeTarget;
			name = darwin_coda;
			productInstallPath = "$(SYSTEM_LIBRARY_DIR)/Extensions";
			productName = darwin_coda;
			productReference = 32A4FEC40562C75800D090E7;
			productType = "com.apple.product-type.kernel-extension";
		};
		32A4FEB90562C75700D090E7 = {
			buildActionMask = 2147483647;
			files = (
			);
			isa = PBXShellScriptBuildPhase;
			runOnlyForDeploymentPostprocessing = 0;
			shellPath = /bin/sh;
			shellScript = "script=\"${SYSTEM_DEVELOPER_DIR}/ProjectBuilder Extras/Kernel Extension Support/KEXTPreprocess\";\nif [ -x \"$script\" ]; then\n    . \"$script\"\nfi";
		};
		32A4FEBA0562C75700D090E7 = {
			buildActionMask = 2147483647;
			files = (
				B463EB47064523FB007ED6B0,
				B463EB48064523FB007ED6B0,
				B463EB49064523FB007ED6B0,
				B463EB4A064523FB007ED6B0,
				B463EB4B064523FB007ED6B0,
				B463EB4C064523FB007ED6B0,
				B463EB4D064523FB007ED6B0,
				B463EB4E064523FB007ED6B0,
				B463EB4F064523FB007ED6B0,
				B463EB50064523FB007ED6B0,
				B463EB51064523FB007ED6B0,
				B463EB52064523FB007ED6B0,
				B4BA99B00645512E00F2D22A,
				B4672D600647730D005E1DCA,
			);
			isa = PBXHeadersBuildPhase;
			runOnlyForDeploymentPostprocessing = 0;
		};
		32A4FEBB0562C75700D090E7 = {
			buildActionMask = 2147483647;
			files = (
				32A4FEBC0562C75700D090E7,
				B4BD6ABC0643EF1B00697EED,
				B4BD6ADF0643EF8800697EED,
				B4BD6AE00643EF8800697EED,
				B4BD6AE10643EF8800697EED,
			);
			isa = PBXResourcesBuildPhase;
			runOnlyForDeploymentPostprocessing = 0;
		};
		32A4FEBC0562C75700D090E7 = {
			fileRef = 089C167DFE841241C02AAC07;
			isa = PBXBuildFile;
			settings = {
			};
		};
		32A4FEBD0562C75700D090E7 = {
			buildActionMask = 2147483647;
			files = (
				B463EB5E06452428007ED6B0,
				B463EB5F06452428007ED6B0,
				B463EB6006452428007ED6B0,
				B463EB6106452428007ED6B0,
				B463EB6206452428007ED6B0,
				B463EB6306452428007ED6B0,
				B463EB6406452428007ED6B0,
			);
			isa = PBXSourcesBuildPhase;
			runOnlyForDeploymentPostprocessing = 0;
		};
		32A4FEBF0562C75700D090E7 = {
			buildActionMask = 2147483647;
			files = (
			);
			isa = PBXFrameworksBuildPhase;
			runOnlyForDeploymentPostprocessing = 0;
		};
		32A4FEC00562C75700D090E7 = {
			buildActionMask = 2147483647;
			files = (
			);
			isa = PBXRezBuildPhase;
			runOnlyForDeploymentPostprocessing = 0;
		};
		32A4FEC10562C75700D090E7 = {
			buildActionMask = 2147483647;
			files = (
			);
			isa = PBXShellScriptBuildPhase;
			runOnlyForDeploymentPostprocessing = 0;
			shellPath = /bin/sh;
			shellScript = "script=\"${SYSTEM_DEVELOPER_DIR}/ProjectBuilder Extras/Kernel Extension Support/KEXTPostprocess\";\nif [ -x \"$script\" ]; then\n    . \"$script\"\nfi";
		};
		32A4FEC30562C75700D090E7 = {
			isa = PBXFileReference;
			lastKnownFileType = text.plist.xml;
			path = Info.plist;
			refType = 4;
			sourceTree = "<group>";
		};
		32A4FEC40562C75800D090E7 = {
			explicitFileType = wrapper.cfbundle;
			includeInIndex = 0;
			isa = PBXFileReference;
			path = darwin_coda.kext;
			refType = 3;
			sourceTree = BUILT_PRODUCTS_DIR;
		};
//320
//321
//322
//323
//324
//B40
//B41
//B42
//B43
//B44
		B463EB3B064523FB007ED6B0 = {
			fileEncoding = 30;
			isa = PBXFileReference;
			lastKnownFileType = sourcecode.c.h;
			name = cnode.h;
			path = coda/cnode.h;
			refType = 4;
			sourceTree = "<group>";
		};
		B463EB3C064523FB007ED6B0 = {
			fileEncoding = 30;
			isa = PBXFileReference;
			lastKnownFileType = sourcecode.c.h;
			name = coda_io.h;
			path = coda/coda_io.h;
			refType = 4;
			sourceTree = "<group>";
		};
		B463EB3D064523FB007ED6B0 = {
			fileEncoding = 30;
			isa = PBXFileReference;
			lastKnownFileType = sourcecode.c.h;
			name = coda_kernel.h;
			path = coda/coda_kernel.h;
			refType = 4;
			sourceTree = "<group>";
		};
		B463EB3E064523FB007ED6B0 = {
			explicitFileType = sourcecode.c.h;
			fileEncoding = 30;
			isa = PBXFileReference;
			name = coda_namecache.h;
			path = coda/coda_namecache.h;
			refType = 4;
			sourceTree = "<group>";
		};
		B463EB3F064523FB007ED6B0 = {
			fileEncoding = 30;
			isa = PBXFileReference;
			lastKnownFileType = sourcecode.c.h;
			name = coda_opstats.h;
			path = coda/coda_opstats.h;
			refType = 4;
			sourceTree = "<group>";
		};
		B463EB40064523FB007ED6B0 = {
			fileEncoding = 30;
			isa = PBXFileReference;
			lastKnownFileType = sourcecode.c.h;
			name = coda_pioctl.h;
			path = coda/coda_pioctl.h;
			refType = 4;
			sourceTree = "<group>";
		};
		B463EB41064523FB007ED6B0 = {
			fileEncoding = 30;
			isa = PBXFileReference;
			lastKnownFileType = sourcecode.c.h;
			name = coda_psdev.h;
			path = coda/coda_psdev.h;
			refType = 4;
			sourceTree = "<group>";
		};
		B463EB42064523FB007ED6B0 = {
			fileEncoding = 30;
			isa = PBXFileReference;
			lastKnownFileType = sourcecode.c.h;
			name = coda_subr.h;
			path = coda/coda_subr.h;
			refType = 4;
			sourceTree = "<group>";
		};
		B463EB43064523FB007ED6B0 = {
			fileEncoding = 30;
			isa = PBXFileReference;
			lastKnownFileType = sourcecode.c.h;
			name = coda_venus.h;
			path = coda/coda_venus.h;
			refType = 4;
			sourceTree = "<group>";
		};
		B463EB44064523FB007ED6B0 = {
			fileEncoding = 30;
			isa = PBXFileReference;
			lastKnownFileType = sourcecode.c.h;
			name = coda_vfsops.h;
			path = coda/coda_vfsops.h;
			refType = 4;
			sourceTree = "<group>";
		};
		B463EB45064523FB007ED6B0 = {
			fileEncoding = 30;
			isa = PBXFileReference;
			lastKnownFileType = sourcecode.c.h;
			name = coda_vnops.h;
			path = coda/coda_vnops.h;
			refType = 4;
			sourceTree = "<group>";
		};
		B463EB46064523FB007ED6B0 = {
			fileEncoding = 30;
			isa = PBXFileReference;
			lastKnownFileType = sourcecode.c.h;
			name = coda.h;
			path = coda/coda.h;
			refType = 4;
			sourceTree = "<group>";
		};
		B463EB47064523FB007ED6B0 = {
			fileRef = B463EB3B064523FB007ED6B0;
			isa = PBXBuildFile;
			settings = {
			};
		};
		B463EB48064523FB007ED6B0 = {
			fileRef = B463EB3C064523FB007ED6B0;
			isa = PBXBuildFile;
			settings = {
			};
		};
		B463EB49064523FB007ED6B0 = {
			fileRef = B463EB3D064523FB007ED6B0;
			isa = PBXBuildFile;
			settings = {
			};
		};
		B463EB4A064523FB007ED6B0 = {
			fileRef = B463EB3E064523FB007ED6B0;
			isa = PBXBuildFile;
			settings = {
				ATTRIBUTES = (
				);
			};
		};
		B463EB4B064523FB007ED6B0 = {
			fileRef = B463EB3F064523FB007ED6B0;
			isa = PBXBuildFile;
			settings = {
			};
		};
		B463EB4C064523FB007ED6B0 = {
			fileRef = B463EB40064523FB007ED6B0;
			isa = PBXBuildFile;
			settings = {
			};
		};
		B463EB4D064523FB007ED6B0 = {
			fileRef = B463EB41064523FB007ED6B0;
			isa = PBXBuildFile;
			settings = {
			};
		};
		B463EB4E064523FB007ED6B0 = {
			fileRef = B463EB42064523FB007ED6B0;
			isa = PBXBuildFile;
			settings = {
			};
		};
		B463EB4F064523FB007ED6B0 = {
			fileRef = B463EB43064523FB007ED6B0;
			isa = PBXBuildFile;
			settings = {
			};
		};
		B463EB50064523FB007ED6B0 = {
			fileRef = B463EB44064523FB007ED6B0;
			isa = PBXBuildFile;
			settings = {
			};
		};
		B463EB51064523FB007ED6B0 = {
			fileRef = B463EB45064523FB007ED6B0;
			isa = PBXBuildFile;
			settings = {
			};
		};
		B463EB52064523FB007ED6B0 = {
			fileRef = B463EB46064523FB007ED6B0;
			isa = PBXBuildFile;
			settings = {
			};
		};
		B463EB5506452428007ED6B0 = {
			fileEncoding = 30;
			isa = PBXFileReference;
			lastKnownFileType = sourcecode.c.c;
			name = coda_fbsd.c;
			path = coda/coda_fbsd.c;
			refType = 4;
			sourceTree = "<group>";
		};
		B463EB5606452428007ED6B0 = {
			fileEncoding = 30;
			isa = PBXFileReference;
			lastKnownFileType = sourcecode.c.c;
			name = coda_namecache.c;
			path = coda/coda_namecache.c;
			refType = 4;
			sourceTree = "<group>";
		};
		B463EB5706452428007ED6B0 = {
			fileEncoding = 30;
			isa = PBXFileReference;
			lastKnownFileType = sourcecode.c.c;
			name = coda_psdev.c;
			path = coda/coda_psdev.c;
			refType = 4;
			sourceTree = "<group>";
		};
		B463EB5806452428007ED6B0 = {
			fileEncoding = 30;
			isa = PBXFileReference;
			lastKnownFileType = sourcecode.c.c;
			name = coda_subr.c;
			path = coda/coda_subr.c;
			refType = 4;
			sourceTree = "<group>";
		};
		B463EB5906452428007ED6B0 = {
			fileEncoding = 30;
			isa = PBXFileReference;
			lastKnownFileType = sourcecode.c.c;
			name = coda_venus.c;
			path = coda/coda_venus.c;
			refType = 4;
			sourceTree = "<group>";
		};
		B463EB5A06452428007ED6B0 = {
			fileEncoding = 30;
			isa = PBXFileReference;
			lastKnownFileType = sourcecode.c.c;
			name = coda_vfsops.c;
			path = coda/coda_vfsops.c;
			refType = 4;
			sourceTree = "<group>";
		};
		B463EB5B06452428007ED6B0 = {
			fileEncoding = 30;
			isa = PBXFileReference;
			lastKnownFileType = sourcecode.c.c;
			name = coda_vnops.c;
			path = coda/coda_vnops.c;
			refType = 4;
			sourceTree = "<group>";
		};
		B463EB5C06452428007ED6B0 = {
			fileEncoding = 30;
			isa = PBXFileReference;
			lastKnownFileType = sourcecode.c.c;
			name = darwin_coda.c;
			path = coda/darwin_coda.c;
			refType = 4;
			sourceTree = "<group>";
		};
		B463EB5E06452428007ED6B0 = {
			fileRef = B463EB5606452428007ED6B0;
			isa = PBXBuildFile;
			settings = {
			};
		};
		B463EB5F06452428007ED6B0 = {
			fileRef = B463EB5706452428007ED6B0;
			isa = PBXBuildFile;
			settings = {
			};
		};
		B463EB6006452428007ED6B0 = {
			fileRef = B463EB5806452428007ED6B0;
			isa = PBXBuildFile;
			settings = {
			};
		};
		B463EB6106452428007ED6B0 = {
			fileRef = B463EB5906452428007ED6B0;
			isa = PBXBuildFile;
			settings = {
			};
		};
		B463EB6206452428007ED6B0 = {
			fileRef = B463EB5A06452428007ED6B0;
			isa = PBXBuildFile;
			settings = {
			};
		};
		B463EB6306452428007ED6B0 = {
			fileRef = B463EB5B06452428007ED6B0;
			isa = PBXBuildFile;
			settings = {
			};
		};
		B463EB6406452428007ED6B0 = {
			fileRef = B463EB5C06452428007ED6B0;
			isa = PBXBuildFile;
			settings = {
			};
		};
		B463EB6706452453007ED6B0 = {
			isa = PBXFileReference;
			lastKnownFileType = wrapper.framework;
			name = Kernel.framework;
			path = /System/Library/Frameworks/Kernel.framework;
			refType = 0;
			sourceTree = "<absolute>";
		};
		B4672D5F0647730D005E1DCA = {
			explicitFileType = sourcecode.c.h;
			fileEncoding = 30;
			isa = PBXFileReference;
			name = coda_vnode_if.h;
			path = coda/coda_vnode_if.h;
			refType = 4;
			sourceTree = "<group>";
			usesTabs = 1;
		};
		B4672D600647730D005E1DCA = {
			fileRef = B4672D5F0647730D005E1DCA;
			isa = PBXBuildFile;
			settings = {
			};
		};
		B4ACA633064AE702008C8E37 = {
			children = (
				B463EB5B06452428007ED6B0,
			);
			isa = PBXGroup;
			name = "New Group";
			refType = 4;
			sourceTree = "<group>";
		};
		B4BA99AF0645512E00F2D22A = {
			fileEncoding = 30;
			isa = PBXFileReference;
			lastKnownFileType = sourcecode.c.h;
			name = bsdglue.h;
			path = coda/bsdglue.h;
			refType = 4;
			sourceTree = "<group>";
		};
		B4BA99B00645512E00F2D22A = {
			fileRef = B4BA99AF0645512E00F2D22A;
			isa = PBXBuildFile;
			settings = {
			};
		};
		B4BD6ABB0643EF1B00697EED = {
			fileEncoding = 7;
			isa = PBXFileReference;
			lastKnownFileType = text;
			path = 00READ;
			refType = 4;
			sourceTree = "<group>";
		};
		B4BD6ABC0643EF1B00697EED = {
			fileRef = B4BD6ABB0643EF1B00697EED;
			isa = PBXBuildFile;
			settings = {
			};
		};
		B4BD6ADC0643EF8800697EED = {
			fileEncoding = 7;
			isa = PBXFileReference;
			lastKnownFileType = text;
			path = README;
			refType = 4;
			sourceTree = "<group>";
		};
		B4BD6ADD0643EF8800697EED = {
			fileEncoding = 7;
			isa = PBXFileReference;
			lastKnownFileType = text;
			path = README.Darwin;
			refType = 4;
			sourceTree = "<group>";
		};
		B4BD6ADE0643EF8800697EED = {
			fileEncoding = 7;
			isa = PBXFileReference;
			lastKnownFileType = text;
			path = TODO;
			refType = 4;
			sourceTree = "<group>";
		};
		B4BD6ADF0643EF8800697EED = {
			fileRef = B4BD6ADC0643EF8800697EED;
			isa = PBXBuildFile;
			settings = {
			};
		};
		B4BD6AE00643EF8800697EED = {
			fileRef = B4BD6ADD0643EF8800697EED;
			isa = PBXBuildFile;
			settings = {
			};
		};
		B4BD6AE10643EF8800697EED = {
			fileRef = B4BD6ADE0643EF8800697EED;
			isa = PBXBuildFile;
			settings = {
			};
		};
		B4BD6B1B0643EFCF00697EED = {
			children = (
				B4BA99AF0645512E00F2D22A,
				B4672D5F0647730D005E1DCA,
				B463EB3B064523FB007ED6B0,
				B463EB3C064523FB007ED6B0,
				B463EB3D064523FB007ED6B0,
				B463EB3E064523FB007ED6B0,
				B463EB3F064523FB007ED6B0,
				B463EB40064523FB007ED6B0,
				B463EB41064523FB007ED6B0,
				B463EB42064523FB007ED6B0,
				B463EB43064523FB007ED6B0,
				B463EB44064523FB007ED6B0,
				B463EB45064523FB007ED6B0,
				B463EB46064523FB007ED6B0,
			);
			isa = PBXGroup;
			name = Headers;
			refType = 4;
			sourceTree = "<group>";
		};
	};
	rootObject = 089C1669FE841209C02AAC07;
}
